
Microsoft Visual Studio Solution File, Format Version 12.00
# Visual Studio Version 17
VisualStudioVersion = 17.0.32112.339
MinimumVisualStudioVersion = 10.0.40219.1
Project("{FAE04EC0-301F-11D3-BF4B-00C04F79EFBC}") = "DITryAddMethod", "DITryAddMethod\DITryAddMethod.csproj", "{0FA8652E-1E55-453D-B6D0-1C03DFCBCF1B}"
EndProject
Project("{9A19103F-16F7-4668-BE54-9A1E7A4F7556}") = "DIAddMethod", "DIAddMethod\DIAddMethod.csproj", "{4DC7724E-75F6-4B23-8DE7-EF18AFE5A084}"
EndProject
Global
	GlobalSection(SolutionConfigurationPlatforms) = preSolution
		Debug|Any CPU = Debug|Any CPU
		Release|Any CPU = Release|Any CPU
	EndGlobalSection
	GlobalSection(ProjectConfigurationPlatforms) = postSolution
		{0FA8652E-1E55-453D-B6D0-1C03DFCBCF1B}.Debug|Any CPU.ActiveCfg = Debug|Any CPU
		{0FA8652E-1E55-453D-B6D0-1C03DFCBCF1B}.Debug|Any CPU.Build.0 = Debug|Any CPU
		{0FA8652E-1E55-453D-B6D0-1C03DFCBCF1B}.Release|Any CPU.ActiveCfg = Release|Any CPU
		{0FA8652E-1E55-453D-B6D0-1C03DFCBCF1B}.Release|Any CPU.Build.0 = Release|Any CPU
		{4DC7724E-75F6-4B23-8DE7-EF18AFE5A084}.Debug|Any CPU.ActiveCfg = Debug|Any CPU
		{4DC7724E-75F6-4B23-8DE7-EF18AFE5A084}.Debug|Any CPU.Build.0 = Debug|Any CPU
		{4DC7724E-75F6-4B23-8DE7-EF18AFE5A084}.Release|Any CPU.ActiveCfg = Release|Any CPU
		{4DC7724E-75F6-4B23-8DE7-EF18AFE5A084}.Release|Any CPU.Build.0 = Release|Any CPU
	EndGlobalSection
	GlobalSection(SolutionProperties) = preSolution
		HideSolutionNode = FALSE
	EndGlobalSection
	GlobalSection(ExtensibilityGlobals) = postSolution
		SolutionGuid = {C987466C-AD5D-4468-811F-57D5AD839025}
	EndGlobalSection
EndGlobal
